// !$*UTF8*$!
{
	archiveVersion = 1;
	classes = {
	};
	objectVersion = 46;
	objects = {

/* Begin PBXBuildFile section */
		27F5E6EE1DD9E72A00179F1D /* main.m in Sources */ = {isa = PBXBuildFile; fileRef = 27F5E6ED1DD9E72A00179F1D /* main.m */; };
		27F5E6F11DD9E72A00179F1D /* AppDelegate.m in Sources */ = {isa = PBXBuildFile; fileRef = 27F5E6F01DD9E72A00179F1D /* AppDelegate.m */; };
		27F5E6F41DD9E72A00179F1D /* ImageMenuViewController.m in Sources */ = {isa = PBXBuildFile; fileRef = 27F5E6F31DD9E72A00179F1D /* ImageMenuViewController.m */; };
		27F5E6F71DD9E72A00179F1D /* Main.storyboard in Resources */ = {isa = PBXBuildFile; fileRef = 27F5E6F51DD9E72A00179F1D /* Main.storyboard */; };
		27F5E6FA1DD9E72A00179F1D /* Flikr.xcdatamodeld in Sources */ = {isa = PBXBuildFile; fileRef = 27F5E6F81DD9E72A00179F1D /* Flikr.xcdatamodeld */; };
		27F5E6FC1DD9E72A00179F1D /* Assets.xcassets in Resources */ = {isa = PBXBuildFile; fileRef = 27F5E6FB1DD9E72A00179F1D /* Assets.xcassets */; };
		27F5E6FF1DD9E72A00179F1D /* LaunchScreen.storyboard in Resources */ = {isa = PBXBuildFile; fileRef = 27F5E6FD1DD9E72A00179F1D /* LaunchScreen.storyboard */; };
		882FDBBD4EBD2EA030F8E0BC /* libPods-Flikr.a in Frameworks */ = {isa = PBXBuildFile; fileRef = 3238EE300AEE0DC400D75D38 /* libPods-Flikr.a */; };
/* End PBXBuildFile section */

/* Begin PBXFileReference section */
		27F5E6E91DD9E72A00179F1D /* Flikr.app */ = {isa = PBXFileReference; explicitFileType = wrapper.application; includeInIndex = 0; path = Flikr.app; sourceTree = BUILT_PRODUCTS_DIR; };
		27F5E6ED1DD9E72A00179F1D /* main.m */ = {isa = PBXFileReference; lastKnownFileType = sourcecode.c.objc; path = main.m; sourceTree = "<group>"; };
		27F5E6EF1DD9E72A00179F1D /* AppDelegate.h */ = {isa = PBXFileReference; lastKnownFileType = sourcecode.c.h; path = AppDelegate.h; sourceTree = "<group>"; };
		27F5E6F01DD9E72A00179F1D /* AppDelegate.m */ = {isa = PBXFileReference; lastKnownFileType = sourcecode.c.objc; path = AppDelegate.m; sourceTree = "<group>"; };
		27F5E6F21DD9E72A00179F1D /* ImageMenuViewController.h */ = {isa = PBXFileReference; lastKnownFileType = sourcecode.c.h; path = ImageMenuViewController.h; sourceTree = "<group>"; };
		27F5E6F31DD9E72A00179F1D /* ImageMenuViewController.m */ = {isa = PBXFileReference; lastKnownFileType = sourcecode.c.objc; path = ImageMenuViewController.m; sourceTree = "<group>"; };
		27F5E6F61DD9E72A00179F1D /* Base */ = {isa = PBXFileReference; lastKnownFileType = file.storyboard; name = Base; path = Base.lproj/Main.storyboard; sourceTree = "<group>"; };
		27F5E6F91DD9E72A00179F1D /* Flikr.xcdatamodel */ = {isa = PBXFileReference; lastKnownFileType = wrapper.xcdatamodel; path = Flikr.xcdatamodel; sourceTree = "<group>"; };
		27F5E6FB1DD9E72A00179F1D /* Assets.xcassets */ = {isa = PBXFileReference; lastKnownFileType = folder.assetcatalog; path = Assets.xcassets; sourceTree = "<group>"; };
		27F5E6FE1DD9E72A00179F1D /* Base */ = {isa = PBXFileReference; lastKnownFileType = file.storyboard; name = Base; path = Base.lproj/LaunchScreen.storyboard; sourceTree = "<group>"; };
		27F5E7001DD9E72A00179F1D /* Info.plist */ = {isa = PBXFileReference; lastKnownFileType = text.plist.xml; path = Info.plist; sourceTree = "<group>"; };
		3238EE300AEE0DC400D75D38 /* libPods-Flikr.a */ = {isa = PBXFileReference; explicitFileType = archive.ar; includeInIndex = 0; path = "libPods-Flikr.a"; sourceTree = BUILT_PRODUCTS_DIR; };
		5EAB10258E58386222514904 /* Pods-Flikr.debug.xcconfig */ = {isa = PBXFileReference; includeInIndex = 1; lastKnownFileType = text.xcconfig; name = "Pods-Flikr.debug.xcconfig"; path = "Pods/Target Support Files/Pods-Flikr/Pods-Flikr.debug.xcconfig"; sourceTree = "<group>"; };
		B978B104C115CCBD94B39167 /* Pods-Flikr.release.xcconfig */ = {isa = PBXFileReference; includeInIndex = 1; lastKnownFileType = text.xcconfig; name = "Pods-Flikr.release.xcconfig"; path = "Pods/Target Support Files/Pods-Flikr/Pods-Flikr.release.xcconfig"; sourceTree = "<group>"; };
/* End PBXFileReference section */

/* Begin PBXFrameworksBuildPhase section */
		27F5E6E61DD9E72A00179F1D /* Frameworks */ = {
			isa = PBXFrameworksBuildPhase;
			buildActionMask = 2147483647;
			files = (
				882FDBBD4EBD2EA030F8E0BC /* libPods-Flikr.a in Frameworks */,
			);
			runOnlyForDeploymentPostprocessing = 0;
		};
/* End PBXFrameworksBuildPhase section */

/* Begin PBXGroup section */
		27F5E6E01DD9E72A00179F1D = {
			isa = PBXGroup;
			children = (
				27F5E6EB1DD9E72A00179F1D /* Flikr */,
				27F5E6EA1DD9E72A00179F1D /* Products */,
				A4DD44F7C9F5371A4380B71A /* Pods */,
				EEF7E87DC67E9A3D30FE20D7 /* Frameworks */,
			);
			sourceTree = "<group>";
		};
		27F5E6EA1DD9E72A00179F1D /* Products */ = {
			isa = PBXGroup;
			children = (
				27F5E6E91DD9E72A00179F1D /* Flikr.app */,
			);
			name = Products;
			sourceTree = "<group>";
		};
		27F5E6EB1DD9E72A00179F1D /* Flikr */ = {
			isa = PBXGroup;
			children = (
				27F5E6EF1DD9E72A00179F1D /* AppDelegate.h */,
				27F5E6F01DD9E72A00179F1D /* AppDelegate.m */,
				27F5E6F21DD9E72A00179F1D /* ImageMenuViewController.h */,
				27F5E6F31DD9E72A00179F1D /* ImageMenuViewController.m */,
				27F5E6F51DD9E72A00179F1D /* Main.storyboard */,
				27F5E6F81DD9E72A00179F1D /* Flikr.xcdatamodeld */,
				27F5E6EC1DD9E72A00179F1D /* Supporting Files */,
			);
			path = Flikr;
			sourceTree = "<group>";
		};
		27F5E6EC1DD9E72A00179F1D /* Supporting Files */ = {
			isa = PBXGroup;
			children = (
				27F5E7001DD9E72A00179F1D /* Info.plist */,
				27F5E6FB1DD9E72A00179F1D /* Assets.xcassets */,
				27F5E6FD1DD9E72A00179F1D /* LaunchScreen.storyboard */,
				27F5E6ED1DD9E72A00179F1D /* main.m */,
			);
			name = "Supporting Files";
			sourceTree = "<group>";
		};
		A4DD44F7C9F5371A4380B71A /* Pods */ = {
			isa = PBXGroup;
			children = (
				5EAB10258E58386222514904 /* Pods-Flikr.debug.xcconfig */,
				B978B104C115CCBD94B39167 /* Pods-Flikr.release.xcconfig */,
			);
			name = Pods;
			sourceTree = "<group>";
		};
		EEF7E87DC67E9A3D30FE20D7 /* Frameworks */ = {
			isa = PBXGroup;
			children = (
				3238EE300AEE0DC400D75D38 /* libPods-Flikr.a */,
			);
			name = Frameworks;
			sourceTree = "<group>";
		};
/* End PBXGroup section */

/* Begin PBXNativeTarget section */
		27F5E6E81DD9E72A00179F1D /* Flikr */ = {
			isa = PBXNativeTarget;
			buildConfigurationList = 27F5E7031DD9E72A00179F1D /* Build configuration list for PBXNativeTarget "Flikr" */;
			buildPhases = (
				30B440439A1A18B17FD1C9C4 /* [CP] Check Pods Manifest.lock */,
				27F5E6E51DD9E72A00179F1D /* Sources */,
				27F5E6E61DD9E72A00179F1D /* Frameworks */,
				27F5E6E71DD9E72A00179F1D /* Resources */,
				69317EC14D162A92A04CDD90 /* [CP] Embed Pods Frameworks */,
				02EB556D2CD25792172C7ECC /* [CP] Copy Pods Resources */,
			);
			buildRules = (
			);
			dependencies = (
			);
			name = Flikr;
			productName = Flikr;
			productReference = 27F5E6E91DD9E72A00179F1D /* Flikr.app */;
			productType = "com.apple.product-type.application";
		};
/* End PBXNativeTarget section */

/* Begin PBXProject section */
		27F5E6E11DD9E72A00179F1D /* Project object */ = {
			isa = PBXProject;
			attributes = {
				LastUpgradeCheck = 0810;
				ORGANIZATIONNAME = "Татьяна Бочарникова";
				TargetAttributes = {
					27F5E6E81DD9E72A00179F1D = {
						CreatedOnToolsVersion = 8.1;
						DevelopmentTeam = CQAYKNNUE2;
						ProvisioningStyle = Automatic;
					};
				};
			};
			buildConfigurationList = 27F5E6E41DD9E72A00179F1D /* Build configuration list for PBXProject "Flikr" */;
			compatibilityVersion = "Xcode 3.2";
			developmentRegion = English;
			hasScannedForEncodings = 0;
			knownRegions = (
				en,
				Base,
			);
			mainGroup = 27F5E6E01DD9E72A00179F1D;
			productRefGroup = 27F5E6EA1DD9E72A00179F1D /* Products */;
			projectDirPath = "";
			projectRoot = "";
			targets = (
				27F5E6E81DD9E72A00179F1D /* Flikr */,
			);
		};
/* End PBXProject section */

/* Begin PBXResourcesBuildPhase section */
		27F5E6E71DD9E72A00179F1D /* Resources */ = {
			isa = PBXResourcesBuildPhase;
			buildActionMask = 2147483647;
			files = (
				27F5E6FF1DD9E72A00179F1D /* LaunchScreen.storyboard in Resources */,
				27F5E6FC1DD9E72A00179F1D /* Assets.xcassets in Resources */,
				27F5E6F71DD9E72A00179F1D /* Main.storyboard in Resources */,
			);
			runOnlyForDeploymentPostprocessing = 0;
		};
/* End PBXResourcesBuildPhase section */

/* Begin PBXShellScriptBuildPhase section */
		02EB556D2CD25792172C7ECC /* [CP] Copy Pods Resources */ = {
			isa = PBXShellScriptBuildPhase;
			buildActionMask = 2147483647;
			files = (
			);
			inputPaths = (
			);
			name = "[CP] Copy Pods Resources";
			outputPaths = (
			);
			runOnlyForDeploymentPostprocessing = 0;
			shellPath = /bin/sh;
			shellScript = "\"${SRCROOT}/Pods/Target Support Files/Pods-Flikr/Pods-Flikr-resources.sh\"\n";
			showEnvVarsInLog = 0;
		};
		30B440439A1A18B17FD1C9C4 /* [CP] Check Pods Manifest.lock */ = {
			isa = PBXShellScriptBuildPhase;
			buildActionMask = 2147483647;
			files = (
			);
			inputPaths = (
			);
			name = "[CP] Check Pods Manifest.lock";
			outputPaths = (
			);
			runOnlyForDeploymentPostprocessing = 0;
			shellPath = /bin/sh;
			shellScript = "diff \"${PODS_ROOT}/../Podfile.lock\" \"${PODS_ROOT}/Manifest.lock\" > /dev/null\nif [ $? != 0 ] ; then\n    # print error to STDERR\n    echo \"error: The sandbox is not in sync with the Podfile.lock. Run 'pod install' or update your CocoaPods installation.\" >&2\n    exit 1\nfi\n";
			showEnvVarsInLog = 0;
		};
		69317EC14D162A92A04CDD90 /* [CP] Embed Pods Frameworks */ = {
			isa = PBXShellScriptBuildPhase;
			buildActionMask = 2147483647;
			files = (
			);
			inputPaths = (
			);
			name = "[CP] Embed Pods Frameworks";
			outputPaths = (
			);
			runOnlyForDeploymentPostprocessing = 0;
			shellPath = /bin/sh;
			shellScript = "\"${SRCROOT}/Pods/Target Support Files/Pods-Flikr/Pods-Flikr-frameworks.sh\"\n";
			showEnvVarsInLog = 0;
		};
/* End PBXShellScriptBuildPhase section */

/* Begin PBXSourcesBuildPhase section */
		27F5E6E51DD9E72A00179F1D /* Sources */ = {
			isa = PBXSourcesBuildPhase;
			buildActionMask = 2147483647;
			files = (
				27F5E6F41DD9E72A00179F1D /* ImageMenuViewController.m in Sources */,
				27F5E6F11DD9E72A00179F1D /* AppDelegate.m in Sources */,
				27F5E6FA1DD9E72A00179F1D /* Flikr.xcdatamodeld in Sources */,
				27F5E6EE1DD9E72A00179F1D /* main.m in Sources */,
			);
			runOnlyForDeploymentPostprocessing = 0;
		};
/* End PBXSourcesBuildPhase section */

/* Begin PBXVariantGroup section */
		27F5E6F51DD9E72A00179F1D /* Main.storyboard */ = {
			isa = PBXVariantGroup;
			children = (
				27F5E6F61DD9E72A00179F1D /* Base */,
			);
			name = Main.storyboard;
			sourceTree = "<group>";
		};
		27F5E6FD1DD9E72A00179F1D /* LaunchScreen.storyboard */ = {
			isa = PBXVariantGroup;
			children = (
				27F5E6FE1DD9E72A00179F1D /* Base */,
			);
			name = LaunchScreen.storyboard;
			sourceTree = "<group>";
		};
/* End PBXVariantGroup section */

/* Begin XCBuildConfiguration section */
		27F5E7011DD9E72A00179F1D /* Debug */ = {
			isa = XCBuildConfiguration;
			buildSettings = {
				ALWAYS_SEARCH_USER_PATHS = NO;
				CLANG_ANALYZER_NONNULL = YES;
				CLANG_CXX_LANGUAGE_STANDARD = "gnu++0x";
				CLANG_CXX_LIBRARY = "libc++";
				CLANG_ENABLE_MODULES = YES;
				CLANG_ENABLE_OBJC_ARC = YES;
				CLANG_WARN_BOOL_CONVERSION = YES;
				CLANG_WARN_CONSTANT_CONVERSION = YES;
				CLANG_WARN_DIRECT_OBJC_ISA_USAGE = YES_ERROR;
				CLANG_WARN_DOCUMENTATION_COMMENTS = YES;
				CLANG_WARN_EMPTY_BODY = YES;
				CLANG_WARN_ENUM_CONVERSION = YES;
				CLANG_WARN_INFINITE_RECURSION = YES;
				CLANG_WARN_INT_CONVERSION = YES;
				CLANG_WARN_OBJC_ROOT_CLASS = YES_ERROR;
				CLANG_WARN_SUSPICIOUS_MOVES = YES;
				CLANG_WARN_UNREACHABLE_CODE = YES;
				CLANG_WARN__DUPLICATE_METHOD_MATCH = YES;
				"CODE_SIGN_IDENTITY[sdk=iphoneos*]" = "iPhone Developer";
				COPY_PHASE_STRIP = NO;
				DEBUG_INFORMATION_FORMAT = dwarf;
				ENABLE_STRICT_OBJC_MSGSEND = YES;
				ENABLE_TESTABILITY = YES;
				GCC_C_LANGUAGE_STANDARD = gnu99;
				GCC_DYNAMIC_NO_PIC = NO;
				GCC_NO_COMMON_BLOCKS = YES;
				GCC_OPTIMIZATION_LEVEL = 0;
				GCC_PREPROCESSOR_DEFINITIONS = (
					"DEBUG=1",
					"$(inherited)",
				);
				GCC_WARN_64_TO_32_BIT_CONVERSION = YES;
				GCC_WARN_ABOUT_RETURN_TYPE = YES_ERROR;
				GCC_WARN_UNDECLARED_SELECTOR = YES;
				GCC_WARN_UNINITIALIZED_AUTOS = YES_AGGRESSIVE;
				GCC_WARN_UNUSED_FUNCTION = YES;
				GCC_WARN_UNUSED_VARIABLE = YES;
				IPHONEOS_DEPLOYMENT_TARGET = 10.1;
				MTL_ENABLE_DEBUG_INFO = YES;
				ONLY_ACTIVE_ARCH = YES;
				SDKROOT = iphoneos;
			};
			name = Debug;
		};
		27F5E7021DD9E72A00179F1D /* Release */ = {
			isa = XCBuildConfiguration;
			buildSettings = {
				ALWAYS_SEARCH_USER_PATHS = NO;
				CLANG_ANALYZER_NONNULL = YES;
				CLANG_CXX_LANGUAGE_STANDARD = "gnu++0x";
				CLANG_CXX_LIBRARY = "libc++";
				CLANG_ENABLE_MODULES = YES;
				CLANG_ENABLE_OBJC_ARC = YES;
				CLANG_WARN_BOOL_CONVERSION = YES;
				CLANG_WARN_CONSTANT_CONVERSION = YES;
				CLANG_WARN_DIRECT_OBJC_ISA_USAGE = YES_ERROR;
				CLANG_WARN_DOCUMENTATION_COMMENTS = YES;
				CLANG_WARN_EMPTY_BODY = YES;
				CLANG_WARN_ENUM_CONVERSION = YES;
				CLANG_WARN_INFINITE_RECURSION = YES;
				CLANG_WARN_INT_CONVERSION = YES;
				CLANG_WARN_OBJC_ROOT_CLASS = YES_ERROR;
				CLANG_WARN_SUSPICIOUS_MOVES = YES;
				CLANG_WARN_UNREACHABLE_CODE = YES;
				CLANG_WARN__DUPLICATE_METHOD_MATCH = YES;
				"CODE_SIGN_IDENTITY[sdk=iphoneos*]" = "iPhone Developer";
				COPY_PHASE_STRIP = NO;
				DEBUG_INFORMATION_FORMAT = "dwarf-with-dsym";
				ENABLE_NS_ASSERTIONS = NO;
				ENABLE_STRICT_OBJC_MSGSEND = YES;
				GCC_C_LANGUAGE_STANDARD = gnu99;
				GCC_NO_COMMON_BLOCKS = YES;
				GCC_WARN_64_TO_32_BIT_CONVERSION = YES;
				GCC_WARN_ABOUT_RETURN_TYPE = YES_ERROR;
				GCC_WARN_UNDECLARED_SELECTOR = YES;
				GCC_WARN_UNINITIALIZED_AUTOS = YES_AGGRESSIVE;
				GCC_WARN_UNUSED_FUNCTION = YES;
				GCC_WARN_UNUSED_VARIABLE = YES;
				IPHONEOS_DEPLOYMENT_TARGET = 10.1;
				MTL_ENABLE_DEBUG_INFO = NO;
				SDKROOT = iphoneos;
				VALIDATE_PRODUCT = YES;
			};
			name = Release;
		};
		27F5E7041DD9E72A00179F1D /* Debug */ = {
			isa = XCBuildConfiguration;
			baseConfigurationReference = 5EAB10258E58386222514904 /* Pods-Flikr.debug.xcconfig */;
			buildSettings = {
				ASSETCATALOG_COMPILER_APPICON_NAME = AppIcon;
				DEVELOPMENT_TEAM = CQAYKNNUE2;
				INFOPLIST_FILE = Flikr/Info.plist;
				LD_RUNPATH_SEARCH_PATHS = "$(inherited) @executable_path/Frameworks";
				PRODUCT_BUNDLE_IDENTIFIER = tany.Flikr;
				PRODUCT_NAME = "$(TARGET_NAME)";
			};
			name = Debug;
		};
		27F5E7051DD9E72A00179F1D /* Release */ = {
			isa = XCBuildConfiguration;
			baseConfigurationReference = B978B104C115CCBD94B39167 /* Pods-Flikr.release.xcconfig */;
			buildSettings = {
				ASSETCATALOG_COMPILER_APPICON_NAME = AppIcon;
				DEVELOPMENT_TEAM = CQAYKNNUE2;
				INFOPLIST_FILE = Flikr/Info.plist;
				LD_RUNPATH_SEARCH_PATHS = "$(inherited) @executable_path/Frameworks";
				PRODUCT_BUNDLE_IDENTIFIER = tany.Flikr;
				PRODUCT_NAME = "$(TARGET_NAME)";
			};
			name = Release;
		};
/* End XCBuildConfiguration section */

/* Begin XCConfigurationList section */
		27F5E6E41DD9E72A00179F1D /* Build configuration list for PBXProject "Flikr" */ = {
			isa = XCConfigurationList;
			buildConfigurations = (
				27F5E7011DD9E72A00179F1D /* Debug */,
				27F5E7021DD9E72A00179F1D /* Release */,
			);
			defaultConfigurationIsVisible = 0;
			defaultConfigurationName = Release;
		};
		27F5E7031DD9E72A00179F1D /* Build configuration list for PBXNativeTarget "Flikr" */ = {
			isa = XCConfigurationList;
			buildConfigurations = (
				27F5E7041DD9E72A00179F1D /* Debug */,
				27F5E7051DD9E72A00179F1D /* Release */,
			);
			defaultConfigurationIsVisible = 0;
			defaultConfigurationName = Release;
		};
/* End XCConfigurationList section */

/* Begin XCVersionGroup section */
		27F5E6F81DD9E72A00179F1D /* Flikr.xcdatamodeld */ = {
			isa = XCVersionGroup;
			children = (
				27F5E6F91DD9E72A00179F1D /* Flikr.xcdatamodel */,
			);
			currentVersion = 27F5E6F91DD9E72A00179F1D /* Flikr.xcdatamodel */;
			path = Flikr.xcdatamodeld;
			sourceTree = "<group>";
			versionGroupType = wrapper.xcdatamodel;
		};
/* End XCVersionGroup section */
	};
	rootObject = 27F5E6E11DD9E72A00179F1D /* Project object */;
}
